// !$*UTF8*$!
{
	archiveVersion = 1;
	classes = {
	};
	objectVersion = 46;
	objects = {

/* Begin PBXBuildFile section */
		18F145451B0C233F004809F9 /* AppDelegate.swift in Sources */ = {isa = PBXBuildFile; fileRef = 18F145441B0C233F004809F9 /* AppDelegate.swift */; };
		18F145471B0C233F004809F9 /* ViewController.swift in Sources */ = {isa = PBXBuildFile; fileRef = 18F145461B0C233F004809F9 /* ViewController.swift */; };
		18F1454A1B0C233F004809F9 /* Main.storyboard in Resources */ = {isa = PBXBuildFile; fileRef = 18F145481B0C233F004809F9 /* Main.storyboard */; };
		18F1454C1B0C233F004809F9 /* Images.xcassets in Resources */ = {isa = PBXBuildFile; fileRef = 18F1454B1B0C233F004809F9 /* Images.xcassets */; };
		18F1454F1B0C233F004809F9 /* LaunchScreen.xib in Resources */ = {isa = PBXBuildFile; fileRef = 18F1454D1B0C233F004809F9 /* LaunchScreen.xib */; };
		18F1455B1B0C233F004809F9 /* webserviceTests.swift in Sources */ = {isa = PBXBuildFile; fileRef = 18F1455A1B0C233F004809F9 /* webserviceTests.swift */; };
/* End PBXBuildFile section */

/* Begin PBXContainerItemProxy section */
		18F145551B0C233F004809F9 /* PBXContainerItemProxy */ = {
			isa = PBXContainerItemProxy;
			containerPortal = 18F145371B0C233E004809F9 /* Project object */;
			proxyType = 1;
			remoteGlobalIDString = 18F1453E1B0C233E004809F9;
			remoteInfo = webservice;
		};
/* End PBXContainerItemProxy section */

/* Begin PBXFileReference section */
		18F1453F1B0C233F004809F9 /* webservice.app */ = {isa = PBXFileReference; explicitFileType = wrapper.application; includeInIndex = 0; path = webservice.app; sourceTree = BUILT_PRODUCTS_DIR; };
		18F145431B0C233F004809F9 /* Info.plist */ = {isa = PBXFileReference; lastKnownFileType = text.plist.xml; path = Info.plist; sourceTree = "<group>"; };
		18F145441B0C233F004809F9 /* AppDelegate.swift */ = {isa = PBXFileReference; lastKnownFileType = sourcecode.swift; path = AppDelegate.swift; sourceTree = "<group>"; };
		18F145461B0C233F004809F9 /* ViewController.swift */ = {isa = PBXFileReference; lastKnownFileType = sourcecode.swift; path = ViewController.swift; sourceTree = "<group>"; };
		18F145491B0C233F004809F9 /* Base */ = {isa = PBXFileReference; lastKnownFileType = file.storyboard; name = Base; path = Base.lproj/Main.storyboard; sourceTree = "<group>"; };
		18F1454B1B0C233F004809F9 /* Images.xcassets */ = {isa = PBXFileReference; lastKnownFileType = folder.assetcatalog; path = Images.xcassets; sourceTree = "<group>"; };
		18F1454E1B0C233F004809F9 /* Base */ = {isa = PBXFileReference; lastKnownFileType = file.xib; name = Base; path = Base.lproj/LaunchScreen.xib; sourceTree = "<group>"; };
		18F145541B0C233F004809F9 /* webserviceTests.xctest */ = {isa = PBXFileReference; explicitFileType = wrapper.cfbundle; includeInIndex = 0; path = webserviceTests.xctest; sourceTree = BUILT_PRODUCTS_DIR; };
		18F145591B0C233F004809F9 /* Info.plist */ = {isa = PBXFileReference; lastKnownFileType = text.plist.xml; path = Info.plist; sourceTree = "<group>"; };
		18F1455A1B0C233F004809F9 /* webserviceTests.swift */ = {isa = PBXFileReference; lastKnownFileType = sourcecode.swift; path = webserviceTests.swift; sourceTree = "<group>"; };
/* End PBXFileReference section */

/* Begin PBXFrameworksBuildPhase section */
		18F1453C1B0C233E004809F9 /* Frameworks */ = {
			isa = PBXFrameworksBuildPhase;
			buildActionMask = 2147483647;
			files = (
			);
			runOnlyForDeploymentPostprocessing = 0;
		};
		18F145511B0C233F004809F9 /* Frameworks */ = {
			isa = PBXFrameworksBuildPhase;
			buildActionMask = 2147483647;
			files = (
			);
			runOnlyForDeploymentPostprocessing = 0;
		};
/* End PBXFrameworksBuildPhase section */

/* Begin PBXGroup section */
		18F145361B0C233E004809F9 = {
			isa = PBXGroup;
			children = (
				18F145411B0C233F004809F9 /* webservice */,
				18F145571B0C233F004809F9 /* webserviceTests */,
				18F145401B0C233F004809F9 /* Products */,
			);
			sourceTree = "<group>";
		};
		18F145401B0C233F004809F9 /* Products */ = {
			isa = PBXGroup;
			children = (
				18F1453F1B0C233F004809F9 /* webservice.app */,
				18F145541B0C233F004809F9 /* webserviceTests.xctest */,
			);
			name = Products;
			sourceTree = "<group>";
		};
		18F145411B0C233F004809F9 /* webservice */ = {
			isa = PBXGroup;
			children = (
				18F145441B0C233F004809F9 /* AppDelegate.swift */,
				18F145461B0C233F004809F9 /* ViewController.swift */,
				18F145481B0C233F004809F9 /* Main.storyboard */,
				18F1454B1B0C233F004809F9 /* Images.xcassets */,
				18F1454D1B0C233F004809F9 /* LaunchScreen.xib */,
				18F145421B0C233F004809F9 /* Supporting Files */,
			);
			path = webservice;
			sourceTree = "<group>";
		};
		18F145421B0C233F004809F9 /* Supporting Files */ = {
			isa = PBXGroup;
			children = (
				18F145431B0C233F004809F9 /* Info.plist */,
			);
			name = "Supporting Files";
			sourceTree = "<group>";
		};
		18F145571B0C233F004809F9 /* webserviceTests */ = {
			isa = PBXGroup;
			children = (
				18F1455A1B0C233F004809F9 /* webserviceTests.swift */,
				18F145581B0C233F004809F9 /* Supporting Files */,
			);
			path = webserviceTests;
			sourceTree = "<group>";
		};
		18F145581B0C233F004809F9 /* Supporting Files */ = {
			isa = PBXGroup;
			children = (
				18F145591B0C233F004809F9 /* Info.plist */,
			);
			name = "Supporting Files";
			sourceTree = "<group>";
		};
/* End PBXGroup section */

/* Begin PBXNativeTarget section */
		18F1453E1B0C233E004809F9 /* webservice */ = {
			isa = PBXNativeTarget;
			buildConfigurationList = 18F1455E1B0C233F004809F9 /* Build configuration list for PBXNativeTarget "webservice" */;
			buildPhases = (
				18F1453B1B0C233E004809F9 /* Sources */,
				18F1453C1B0C233E004809F9 /* Frameworks */,
				18F1453D1B0C233E004809F9 /* Resources */,
			);
			buildRules = (
			);
			dependencies = (
			);
			name = webservice;
			productName = webservice;
			productReference = 18F1453F1B0C233F004809F9 /* webservice.app */;
			productType = "com.apple.product-type.application";
		};
		18F145531B0C233F004809F9 /* webserviceTests */ = {
			isa = PBXNativeTarget;
			buildConfigurationList = 18F145611B0C233F004809F9 /* Build configuration list for PBXNativeTarget "webserviceTests" */;
			buildPhases = (
				18F145501B0C233F004809F9 /* Sources */,
				18F145511B0C233F004809F9 /* Frameworks */,
				18F145521B0C233F004809F9 /* Resources */,
			);
			buildRules = (
			);
			dependencies = (
				18F145561B0C233F004809F9 /* PBXTargetDependency */,
			);
			name = webserviceTests;
			productName = webserviceTests;
			productReference = 18F145541B0C233F004809F9 /* webserviceTests.xctest */;
			productType = "com.apple.product-type.bundle.unit-test";
		};
/* End PBXNativeTarget section */

/* Begin PBXProject section */
		18F145371B0C233E004809F9 /* Project object */ = {
			isa = PBXProject;
			attributes = {
				LastUpgradeCheck = 0630;
				ORGANIZATIONNAME = Jonathan;
				TargetAttributes = {
					18F1453E1B0C233E004809F9 = {
						CreatedOnToolsVersion = 6.3.1;
					};
					18F145531B0C233F004809F9 = {
						CreatedOnToolsVersion = 6.3.1;
						TestTargetID = 18F1453E1B0C233E004809F9;
					};
				};
			};
			buildConfigurationList = 18F1453A1B0C233E004809F9 /* Build configuration list for PBXProject "webservice" */;
			compatibilityVersion = "Xcode 3.2";
			developmentRegion = English;
			hasScannedForEncodings = 0;
			knownRegions = (
				en,
				Base,
			);
			mainGroup = 18F145361B0C233E004809F9;
			productRefGroup = 18F145401B0C233F004809F9 /* Products */;
			projectDirPath = "";
			projectRoot = "";
			targets = (
				18F1453E1B0C233E004809F9 /* webservice */,
				18F145531B0C233F004809F9 /* webserviceTests */,
			);
		};
/* End PBXProject section */

/* Begin PBXResourcesBuildPhase section */
		18F1453D1B0C233E004809F9 /* Resources */ = {
			isa = PBXResourcesBuildPhase;
			buildActionMask = 2147483647;
			files = (
				18F1454A1B0C233F004809F9 /* Main.storyboard in Resources */,
				18F1454F1B0C233F004809F9 /* LaunchScreen.xib in Resources */,
				18F1454C1B0C233F004809F9 /* Images.xcassets in Resources */,
			);
			runOnlyForDeploymentPostprocessing = 0;
		};
		18F145521B0C233F004809F9 /* Resources */ = {
			isa = PBXResourcesBuildPhase;
			buildActionMask = 2147483647;
			files = (
			);
			runOnlyForDeploymentPostprocessing = 0;
		};
/* End PBXResourcesBuildPhase section */

/* Begin PBXSourcesBuildPhase section */
		18F1453B1B0C233E004809F9 /* Sources */ = {
			isa = PBXSourcesBuildPhase;
			buildActionMask = 2147483647;
			files = (
				18F145471B0C233F004809F9 /* ViewController.swift in Sources */,
				18F145451B0C233F004809F9 /* AppDelegate.swift in Sources */,
			);
			runOnlyForDeploymentPostprocessing = 0;
		};
		18F145501B0C233F004809F9 /* Sources */ = {
			isa = PBXSourcesBuildPhase;
			buildActionMask = 2147483647;
			files = (
				18F1455B1B0C233F004809F9 /* webserviceTests.swift in Sources */,
			);
			runOnlyForDeploymentPostprocessing = 0;
		};
/* End PBXSourcesBuildPhase section */

/* Begin PBXTargetDependency section */
		18F145561B0C233F004809F9 /* PBXTargetDependency */ = {
			isa = PBXTargetDependency;
			target = 18F1453E1B0C233E004809F9 /* webservice */;
			targetProxy = 18F145551B0C233F004809F9 /* PBXContainerItemProxy */;
		};
/* End PBXTargetDependency section */

/* Begin PBXVariantGroup section */
		18F145481B0C233F004809F9 /* Main.storyboard */ = {
			isa = PBXVariantGroup;
			children = (
				18F145491B0C233F004809F9 /* Base */,
			);
			name = Main.storyboard;
			sourceTree = "<group>";
		};
		18F1454D1B0C233F004809F9 /* LaunchScreen.xib */ = {
			isa = PBXVariantGroup;
			children = (
				18F1454E1B0C233F004809F9 /* Base */,
			);
			name = LaunchScreen.xib;
			sourceTree = "<group>";
		};
/* End PBXVariantGroup section */

/* Begin XCBuildConfiguration section */
		18F1455C1B0C233F004809F9 /* Debug */ = {
			isa = XCBuildConfiguration;
			buildSettings = {
				ALWAYS_SEARCH_USER_PATHS = NO;
				CLANG_CXX_LANGUAGE_STANDARD = "gnu++0x";
				CLANG_CXX_LIBRARY = "libc++";
				CLANG_ENABLE_MODULES = YES;
				CLANG_ENABLE_OBJC_ARC = YES;
				CLANG_WARN_BOOL_CONVERSION = YES;
				CLANG_WARN_CONSTANT_CONVERSION = YES;
				CLANG_WARN_DIRECT_OBJC_ISA_USAGE = YES_ERROR;
				CLANG_WARN_EMPTY_BODY = YES;
				CLANG_WARN_ENUM_CONVERSION = YES;
				CLANG_WARN_INT_CONVERSION = YES;
				CLANG_WARN_OBJC_ROOT_CLASS = YES_ERROR;
				CLANG_WARN_UNREACHABLE_CODE = YES;
				CLANG_WARN__DUPLICATE_METHOD_MATCH = YES;
				"CODE_SIGN_IDENTITY[sdk=iphoneos*]" = "iPhone Developer";
				COPY_PHASE_STRIP = NO;
				DEBUG_INFORMATION_FORMAT = "dwarf-with-dsym";
				ENABLE_STRICT_OBJC_MSGSEND = YES;
				GCC_C_LANGUAGE_STANDARD = gnu99;
				GCC_DYNAMIC_NO_PIC = NO;
				GCC_NO_COMMON_BLOCKS = YES;
				GCC_OPTIMIZATION_LEVEL = 0;
				GCC_PREPROCESSOR_DEFINITIONS = (
					"DEBUG=1",
					"$(inherited)",
				);
				GCC_SYMBOLS_PRIVATE_EXTERN = NO;
				GCC_WARN_64_TO_32_BIT_CONVERSION = YES;
				GCC_WARN_ABOUT_RETURN_TYPE = YES_ERROR;
				GCC_WARN_UNDECLARED_SELECTOR = YES;
				GCC_WARN_UNINITIALIZED_AUTOS = YES_AGGRESSIVE;
				GCC_WARN_UNUSED_FUNCTION = YES;
				GCC_WARN_UNUSED_VARIABLE = YES;
				IPHONEOS_DEPLOYMENT_TARGET = 8.3;
				MTL_ENABLE_DEBUG_INFO = YES;
				ONLY_ACTIVE_ARCH = YES;
				SDKROOT = iphoneos;
				SWIFT_OPTIMIZATION_LEVEL = "-Onone";
			};
			name = Debug;
		};
		18F1455D1B0C233F004809F9 /* Release */ = {
			isa = XCBuildConfiguration;
			buildSettings = {
				ALWAYS_SEARCH_USER_PATHS = NO;
				CLANG_CXX_LANGUAGE_STANDARD = "gnu++0x";
				CLANG_CXX_LIBRARY = "libc++";
				CLANG_ENABLE_MODULES = YES;
				CLANG_ENABLE_OBJC_ARC = YES;
				CLANG_WARN_BOOL_CONVERSION = YES;
				CLANG_WARN_CONSTANT_CONVERSION = YES;
				CLANG_WARN_DIRECT_OBJC_ISA_USAGE = YES_ERROR;
				CLANG_WARN_EMPTY_BODY = YES;
				CLANG_WARN_ENUM_CONVERSION = YES;
				CLANG_WARN_INT_CONVERSION = YES;
				CLANG_WARN_OBJC_ROOT_CLASS = YES_ERROR;
				CLANG_WARN_UNREACHABLE_CODE = YES;
				CLANG_WARN__DUPLICATE_METHOD_MATCH = YES;
				"CODE_SIGN_IDENTITY[sdk=iphoneos*]" = "iPhone Developer";
				COPY_PHASE_STRIP = NO;
				DEBUG_INFORMATION_FORMAT = "dwarf-with-dsym";
				ENABLE_NS_ASSERTIONS = NO;
				ENABLE_STRICT_OBJC_MSGSEND = YES;
				GCC_C_LANGUAGE_STANDARD = gnu99;
				GCC_NO_COMMON_BLOCKS = YES;
				GCC_WARN_64_TO_32_BIT_CONVERSION = YES;
				GCC_WARN_ABOUT_RETURN_TYPE = YES_ERROR;
				GCC_WARN_UNDECLARED_SELECTOR = YES;
				GCC_WARN_UNINITIALIZED_AUTOS = YES_AGGRESSIVE;
				GCC_WARN_UNUSED_FUNCTION = YES;
				GCC_WARN_UNUSED_VARIABLE = YES;
				IPHONEOS_DEPLOYMENT_TARGET = 8.3;
				MTL_ENABLE_DEBUG_INFO = NO;
				SDKROOT = iphoneos;
				VALIDATE_PRODUCT = YES;
			};
			name = Release;
		};
		18F1455F1B0C233F004809F9 /* Debug */ = {
			isa = XCBuildConfiguration;
			buildSettings = {
				ASSETCATALOG_COMPILER_APPICON_NAME = AppIcon;
				INFOPLIST_FILE = webservice/Info.plist;
				LD_RUNPATH_SEARCH_PATHS = "$(inherited) @executable_path/Frameworks";
				PRODUCT_NAME = "$(TARGET_NAME)";
			};
			name = Debug;
		};
		18F145601B0C233F004809F9 /* Release */ = {
			isa = XCBuildConfiguration;
			buildSettings = {
				ASSETCATALOG_COMPILER_APPICON_NAME = AppIcon;
				INFOPLIST_FILE = webservice/Info.plist;
				LD_RUNPATH_SEARCH_PATHS = "$(inherited) @executable_path/Frameworks";
				PRODUCT_NAME = "$(TARGET_NAME)";
			};
			name = Release;
		};
		18F145621B0C233F004809F9 /* Debug */ = {
			isa = XCBuildConfiguration;
			buildSettings = {
				BUNDLE_LOADER = "$(TEST_HOST)";
				FRAMEWORK_SEARCH_PATHS = (
					"$(SDKROOT)/Developer/Library/Frameworks",
					"$(inherited)",
				);
				GCC_PREPROCESSOR_DEFINITIONS = (
					"DEBUG=1",
					"$(inherited)",
				);
				INFOPLIST_FILE = webserviceTests/Info.plist;
				LD_RUNPATH_SEARCH_PATHS = "$(inherited) @executable_path/Frameworks @loader_path/Frameworks";
				PRODUCT_NAME = "$(TARGET_NAME)";
				TEST_HOST = "$(BUILT_PRODUCTS_DIR)/webservice.app/webservice";
			};
			name = Debug;
		};
		18F145631B0C233F004809F9 /* Release */ = {
			isa = XCBuildConfiguration;
			buildSettings = {
				BUNDLE_LOADER = "$(TEST_HOST)";
				FRAMEWORK_SEARCH_PATHS = (
					"$(SDKROOT)/Developer/Library/Frameworks",
					"$(inherited)",
				);
				INFOPLIST_FILE = webserviceTests/Info.plist;
				LD_RUNPATH_SEARCH_PATHS = "$(inherited) @executable_path/Frameworks @loader_path/Frameworks";
				PRODUCT_NAME = "$(TARGET_NAME)";
				TEST_HOST = "$(BUILT_PRODUCTS_DIR)/webservice.app/webservice";
			};
			name = Release;
		};
/* End XCBuildConfiguration section */

/* Begin XCConfigurationList section */
		18F1453A1B0C233E004809F9 /* Build configuration list for PBXProject "webservice" */ = {
			isa = XCConfigurationList;
			buildConfigurations = (
				18F1455C1B0C233F004809F9 /* Debug */,
				18F1455D1B0C233F004809F9 /* Release */,
			);
			defaultConfigurationIsVisible = 0;
			defaultConfigurationName = Release;
		};
		18F1455E1B0C233F004809F9 /* Build configuration list for PBXNativeTarget "webservice" */ = {
			isa = XCConfigurationList;
			buildConfigurations = (
				18F1455F1B0C233F004809F9 /* Debug */,
				18F145601B0C233F004809F9 /* Release */,
			);
			defaultConfigurationIsVisible = 0;
		};
		18F145611B0C233F004809F9 /* Build configuration list for PBXNativeTarget "webserviceTests" */ = {
			isa = XCConfigurationList;
			buildConfigurations = (
				18F145621B0C233F004809F9 /* Debug */,
				18F145631B0C233F004809F9 /* Release */,
			);
			defaultConfigurationIsVisible = 0;
		};
/* End XCConfigurationList section */
	};
	rootObject = 18F145371B0C233E004809F9 /* Project object */;
}
